
Microsoft Visual Studio Solution File, Format Version 12.00
# Visual Studio Version 17
VisualStudioVersion = 17.2.32516.85
MinimumVisualStudioVersion = 10.0.40219.1
Project("{9A19103F-16F7-4668-BE54-9A1E7A4F7556}") = "JuanFe.Supermarket.Product.Solution", "JuanFe.Supermarket.Solution\JuanFe.Supermarket.Product.Solution.csproj", "{98C4FDEE-72B5-4118-A79A-952D86ED9660}"
EndProject
Project("{2150E333-8FDC-42A3-9474-1A3956D46DE8}") = "Database Project", "Database Project", "{9F70FC59-B7D6-4EFD-8726-DC8500DB0035}"
EndProject
Project("{00D1A9C2-B5F0-4AF3-8072-F6C62B433612}") = "JuanFe.SuperMarket.DataBase", "JuanFe.SuperMarket.DataBase\JuanFe.SuperMarket.DataBase.sqlproj", "{F2242085-A2F5-4719-9A7E-458D13271D94}"
EndProject
Project("{FAE04EC0-301F-11D3-BF4B-00C04F79EFBC}") = "JuanFe.Supermarket.Product.Interface.Solution", "JuanFe.Supermarket.Product.Interface.Solution\JuanFe.Supermarket.Product.Interface.Solution.csproj", "{5D9074CB-E301-4693-8761-1969BF0C36BB}"
EndProject
Project("{FAE04EC0-301F-11D3-BF4B-00C04F79EFBC}") = "TestWebAPI", "TestWebAPI\TestWebAPI.csproj", "{50D6B53E-960D-4979-848A-1CF09C7FE96C}"
EndProject
Global
	GlobalSection(SolutionConfigurationPlatforms) = preSolution
		Debug|Any CPU = Debug|Any CPU
		Release|Any CPU = Release|Any CPU
	EndGlobalSection
	GlobalSection(ProjectConfigurationPlatforms) = postSolution
		{98C4FDEE-72B5-4118-A79A-952D86ED9660}.Debug|Any CPU.ActiveCfg = Debug|Any CPU
		{98C4FDEE-72B5-4118-A79A-952D86ED9660}.Debug|Any CPU.Build.0 = Debug|Any CPU
		{98C4FDEE-72B5-4118-A79A-952D86ED9660}.Release|Any CPU.ActiveCfg = Release|Any CPU
		{98C4FDEE-72B5-4118-A79A-952D86ED9660}.Release|Any CPU.Build.0 = Release|Any CPU
		{F2242085-A2F5-4719-9A7E-458D13271D94}.Debug|Any CPU.ActiveCfg = Debug|Any CPU
		{F2242085-A2F5-4719-9A7E-458D13271D94}.Debug|Any CPU.Build.0 = Debug|Any CPU
		{F2242085-A2F5-4719-9A7E-458D13271D94}.Debug|Any CPU.Deploy.0 = Debug|Any CPU
		{F2242085-A2F5-4719-9A7E-458D13271D94}.Release|Any CPU.ActiveCfg = Release|Any CPU
		{F2242085-A2F5-4719-9A7E-458D13271D94}.Release|Any CPU.Build.0 = Release|Any CPU
		{F2242085-A2F5-4719-9A7E-458D13271D94}.Release|Any CPU.Deploy.0 = Release|Any CPU
		{5D9074CB-E301-4693-8761-1969BF0C36BB}.Debug|Any CPU.ActiveCfg = Debug|Any CPU
		{5D9074CB-E301-4693-8761-1969BF0C36BB}.Debug|Any CPU.Build.0 = Debug|Any CPU
		{5D9074CB-E301-4693-8761-1969BF0C36BB}.Release|Any CPU.ActiveCfg = Release|Any CPU
		{5D9074CB-E301-4693-8761-1969BF0C36BB}.Release|Any CPU.Build.0 = Release|Any CPU
		{50D6B53E-960D-4979-848A-1CF09C7FE96C}.Debug|Any CPU.ActiveCfg = Debug|Any CPU
		{50D6B53E-960D-4979-848A-1CF09C7FE96C}.Debug|Any CPU.Build.0 = Debug|Any CPU
		{50D6B53E-960D-4979-848A-1CF09C7FE96C}.Release|Any CPU.ActiveCfg = Release|Any CPU
		{50D6B53E-960D-4979-848A-1CF09C7FE96C}.Release|Any CPU.Build.0 = Release|Any CPU
	EndGlobalSection
	GlobalSection(SolutionProperties) = preSolution
		HideSolutionNode = FALSE
	EndGlobalSection
	GlobalSection(NestedProjects) = preSolution
		{F2242085-A2F5-4719-9A7E-458D13271D94} = {9F70FC59-B7D6-4EFD-8726-DC8500DB0035}
	EndGlobalSection
	GlobalSection(ExtensibilityGlobals) = postSolution
		SolutionGuid = {D15DE717-5D64-4A69-B79B-72960770D6C0}
	EndGlobalSection
EndGlobal
